
Microsoft Visual Studio Solution File, Format Version 12.00
# Visual Studio Version 17
VisualStudioVersion = 17.14.37301.10 d17.14
MinimumVisualStudioVersion = 10.0.40219.1
Project("{FAE04EC0-301F-11D3-BF4B-00C04F79EFBC}") = "GeneratorTests", "GeneratorTests\GeneratorTests.csproj", "{66E9997E-707C-4ED2-8A90-2F0003574685}"
EndProject
Global
	GlobalSection(SolutionConfigurationPlatforms) = preSolution
		Debug|Any CPU = Debug|Any CPU
		Release|Any CPU = Release|Any CPU
	EndGlobalSection
	GlobalSection(ProjectConfigurationPlatforms) = postSolution
		{66E9997E-707C-4ED2-8A90-2F0003574685}.Debug|Any CPU.ActiveCfg = Debug|Any CPU
		{66E9997E-707C-4ED2-8A90-2F0003574685}.Debug|Any CPU.Build.0 = Debug|Any CPU
		{66E9997E-707C-4ED2-8A90-2F0003574685}.Release|Any CPU.ActiveCfg = Release|Any CPU
		{66E9997E-707C-4ED2-8A90-2F0003574685}.Release|Any CPU.Build.0 = Release|Any CPU
	EndGlobalSection
	GlobalSection(SolutionProperties) = preSolution
		HideSolutionNode = FALSE
	EndGlobalSection
	GlobalSection(ExtensibilityGlobals) = postSolution
		SolutionGuid = {3ECEE25B-E109-4388-AF6A-2BFD8059A844}
	EndGlobalSection
EndGlobal
